
Microsoft Visual Studio Solution File, Format Version 12.00
# Visual Studio Version 16
VisualStudioVersion = 16.0.31624.102
MinimumVisualStudioVersion = 10.0.40219.1
Project("{FAE04EC0-301F-11D3-BF4B-00C04F79EFBC}") = "Regoin_Champ", "Regoin_Champ\Regoin_Champ.csproj", "{BC060BCB-B8B4-4BFC-82BB-399D7C090FF4}"
EndProject
Global
	GlobalSection(SolutionConfigurationPlatforms) = preSolution
		Debug|Any CPU = Debug|Any CPU
		Release|Any CPU = Release|Any CPU
	EndGlobalSection
	GlobalSection(ProjectConfigurationPlatforms) = postSolution
		{BC060BCB-B8B4-4BFC-82BB-399D7C090FF4}.Debug|Any CPU.ActiveCfg = Debug|Any CPU
		{BC060BCB-B8B4-4BFC-82BB-399D7C090FF4}.Debug|Any CPU.Build.0 = Debug|Any CPU
		{BC060BCB-B8B4-4BFC-82BB-399D7C090FF4}.Release|Any CPU.ActiveCfg = Release|Any CPU
		{BC060BCB-B8B4-4BFC-82BB-399D7C090FF4}.Release|Any CPU.Build.0 = Release|Any CPU
	EndGlobalSection
	GlobalSection(SolutionProperties) = preSolution
		HideSolutionNode = FALSE
	EndGlobalSection
	GlobalSection(ExtensibilityGlobals) = postSolution
		SolutionGuid = {18F9C430-B4D3-4B6B-A1E5-46702457D9A5}
	EndGlobalSection
EndGlobal
